
Microsoft Visual Studio Solution File, Format Version 12.00
# Visual Studio Version 16
VisualStudioVersion = 16.0.32901.82
MinimumVisualStudioVersion = 10.0.40219.1
Project("{FAE04EC0-301F-11D3-BF4B-00C04F79EFBC}") = "CountDown", "CountDown\CountDown.csproj", "{F29E7CC6-A587-49AD-BE1C-901B81E2611D}"
EndProject
Global
	GlobalSection(SolutionConfigurationPlatforms) = preSolution
		Debug|Any CPU = Debug|Any CPU
		Release|Any CPU = Release|Any CPU
	EndGlobalSection
	GlobalSection(ProjectConfigurationPlatforms) = postSolution
		{F29E7CC6-A587-49AD-BE1C-901B81E2611D}.Debug|Any CPU.ActiveCfg = Debug|Any CPU
		{F29E7CC6-A587-49AD-BE1C-901B81E2611D}.Debug|Any CPU.Build.0 = Debug|Any CPU
		{F29E7CC6-A587-49AD-BE1C-901B81E2611D}.Release|Any CPU.ActiveCfg = Release|Any CPU
		{F29E7CC6-A587-49AD-BE1C-901B81E2611D}.Release|Any CPU.Build.0 = Release|Any CPU
	EndGlobalSection
	GlobalSection(SolutionProperties) = preSolution
		HideSolutionNode = FALSE
	EndGlobalSection
	GlobalSection(ExtensibilityGlobals) = postSolution
		SolutionGuid = {B5DEEDE2-5B7F-4F62-86EC-27DD1E914E9A}
	EndGlobalSection
EndGlobal
